// !$*UTF8*$!
{
	archiveVersion = 1;
	classes = {
	};
	objectVersion = 56;
	objects = {

/* Begin PBXBuildFile section */
		FB02D7BA2AA79552002956F4 /* BotonUni.swift in Sources */ = {isa = PBXBuildFile; fileRef = FB02D7B92AA79552002956F4 /* BotonUni.swift */; };
		FB2E70532AC4C76B00C6C424 /* ListaIndividual.swift in Sources */ = {isa = PBXBuildFile; fileRef = FB2E70522AC4C76B00C6C424 /* ListaIndividual.swift */; };
		FB2E70552AC4CD6000C6C424 /* VistaListaConjunto.swift in Sources */ = {isa = PBXBuildFile; fileRef = FB2E70542AC4CD6000C6C424 /* VistaListaConjunto.swift */; };
		FB2E70572AC4CDED00C6C424 /* Ticket.swift in Sources */ = {isa = PBXBuildFile; fileRef = FB2E70562AC4CDED00C6C424 /* Ticket.swift */; };
		FB2E70592AC4CE0200C6C424 /* ModelData.swift in Sources */ = {isa = PBXBuildFile; fileRef = FB2E70582AC4CE0200C6C424 /* ModelData.swift */; };
		FB2E705B2AC4CE9500C6C424 /* GlobalVariables.swift in Sources */ = {isa = PBXBuildFile; fileRef = FB2E705A2AC4CE9500C6C424 /* GlobalVariables.swift */; };
		FB5A52D92AC4D8AD0065ED04 /* GetTicket.swift in Sources */ = {isa = PBXBuildFile; fileRef = FB5A52D82AC4D8AD0065ED04 /* GetTicket.swift */; };
		FB9648932ADE1A0D004852EF /* AverageTickets.swift in Sources */ = {isa = PBXBuildFile; fileRef = FB9648922ADE1A0D004852EF /* AverageTickets.swift */; };
		FB9648952ADE1E02004852EF /* ExpectedDonations.swift in Sources */ = {isa = PBXBuildFile; fileRef = FB9648942ADE1E02004852EF /* ExpectedDonations.swift */; };
		FB96A3052AD7608100742DC8 /* DashboardManagerView.swift in Sources */ = {isa = PBXBuildFile; fileRef = FB96A3042AD7608100742DC8 /* DashboardManagerView.swift */; };
		FB9E54652AA157EA00FB7644 /* CaritasMtyApp.swift in Sources */ = {isa = PBXBuildFile; fileRef = FB9E54642AA157EA00FB7644 /* CaritasMtyApp.swift */; };
		FB9E54672AA157EA00FB7644 /* ContentView.swift in Sources */ = {isa = PBXBuildFile; fileRef = FB9E54662AA157EA00FB7644 /* ContentView.swift */; };
		FB9E54692AA157EA00FB7644 /* Assets.xcassets in Resources */ = {isa = PBXBuildFile; fileRef = FB9E54682AA157EA00FB7644 /* Assets.xcassets */; };
		FB9E546C2AA157EA00FB7644 /* Preview Assets.xcassets in Resources */ = {isa = PBXBuildFile; fileRef = FB9E546B2AA157EA00FB7644 /* Preview Assets.xcassets */; };
		FB9EF7FB2AA69B1700E1849F /* HomeView.swift in Sources */ = {isa = PBXBuildFile; fileRef = FB9EF7FA2AA69B1700E1849F /* HomeView.swift */; };
		FB9F5BEC2ADE141C0016FA34 /* MiniMapView.swift in Sources */ = {isa = PBXBuildFile; fileRef = FB9F5BEB2ADE141C0016FA34 /* MiniMapView.swift */; };
		FB9F5BEE2ADE14460016FA34 /* GetLocation.swift in Sources */ = {isa = PBXBuildFile; fileRef = FB9F5BED2ADE14460016FA34 /* GetLocation.swift */; };
		FB9F5BF02ADE14580016FA34 /* Location.swift in Sources */ = {isa = PBXBuildFile; fileRef = FB9F5BEF2ADE14580016FA34 /* Location.swift */; };
		FBA032D62AA68ADE002B7D72 /* Data.swift in Sources */ = {isa = PBXBuildFile; fileRef = FBA032D52AA68ADE002B7D72 /* Data.swift */; };
		FBAB56DA2AD8C4D500C7D3B5 /* ChartPorMunicipio.swift in Sources */ = {isa = PBXBuildFile; fileRef = FBAB56D92AD8C4D500C7D3B5 /* ChartPorMunicipio.swift */; };
		FBB0DD412AA67281003DE6A8 /* User.swift in Sources */ = {isa = PBXBuildFile; fileRef = FBB0DD402AA67281003DE6A8 /* User.swift */; };
		FBB0DD432AA67518003DE6A8 /* Login.swift in Sources */ = {isa = PBXBuildFile; fileRef = FBB0DD422AA67518003DE6A8 /* Login.swift */; };
		FBB2ECA62ADE00B7005C6BDD /* AvarageTicketsChart.swift in Sources */ = {isa = PBXBuildFile; fileRef = FBB2ECA52ADE00B7005C6BDD /* AvarageTicketsChart.swift */; };
		FBD80E092AC4E708001535A3 /* GetRecolectores.swift in Sources */ = {isa = PBXBuildFile; fileRef = FBD80E082AC4E708001535A3 /* GetRecolectores.swift */; };
		FBD80E0B2AC4E822001535A3 /* Recolector.swift in Sources */ = {isa = PBXBuildFile; fileRef = FBD80E0A2AC4E822001535A3 /* Recolector.swift */; };
		FBE0F86D2AD8C899001859CE /* MunicipioDonaciones.swift in Sources */ = {isa = PBXBuildFile; fileRef = FBE0F86C2AD8C899001859CE /* MunicipioDonaciones.swift */; };
		FBFD244C2AA8D29F00C81625 /* VistasDetailed.swift in Sources */ = {isa = PBXBuildFile; fileRef = FBFD244B2AA8D29F00C81625 /* VistasDetailed.swift */; };
/* End PBXBuildFile section */

/* Begin PBXFileReference section */
		FB02D7B92AA79552002956F4 /* BotonUni.swift */ = {isa = PBXFileReference; lastKnownFileType = sourcecode.swift; path = BotonUni.swift; sourceTree = "<group>"; };
		FB2E70522AC4C76B00C6C424 /* ListaIndividual.swift */ = {isa = PBXFileReference; lastKnownFileType = sourcecode.swift; path = ListaIndividual.swift; sourceTree = "<group>"; };
		FB2E70542AC4CD6000C6C424 /* VistaListaConjunto.swift */ = {isa = PBXFileReference; lastKnownFileType = sourcecode.swift; path = VistaListaConjunto.swift; sourceTree = "<group>"; };
		FB2E70562AC4CDED00C6C424 /* Ticket.swift */ = {isa = PBXFileReference; lastKnownFileType = sourcecode.swift; path = Ticket.swift; sourceTree = "<group>"; };
		FB2E70582AC4CE0200C6C424 /* ModelData.swift */ = {isa = PBXFileReference; lastKnownFileType = sourcecode.swift; path = ModelData.swift; sourceTree = "<group>"; };
		FB2E705A2AC4CE9500C6C424 /* GlobalVariables.swift */ = {isa = PBXFileReference; lastKnownFileType = sourcecode.swift; path = GlobalVariables.swift; sourceTree = "<group>"; };
		FB5A52D82AC4D8AD0065ED04 /* GetTicket.swift */ = {isa = PBXFileReference; lastKnownFileType = sourcecode.swift; path = GetTicket.swift; sourceTree = "<group>"; };
		FB9648922ADE1A0D004852EF /* AverageTickets.swift */ = {isa = PBXFileReference; lastKnownFileType = sourcecode.swift; path = AverageTickets.swift; sourceTree = "<group>"; };
		FB9648942ADE1E02004852EF /* ExpectedDonations.swift */ = {isa = PBXFileReference; lastKnownFileType = sourcecode.swift; path = ExpectedDonations.swift; sourceTree = "<group>"; };
		FB96A3042AD7608100742DC8 /* DashboardManagerView.swift */ = {isa = PBXFileReference; lastKnownFileType = sourcecode.swift; path = DashboardManagerView.swift; sourceTree = "<group>"; };
		FB9E54612AA157EA00FB7644 /* CaritasMty.app */ = {isa = PBXFileReference; explicitFileType = wrapper.application; includeInIndex = 0; path = CaritasMty.app; sourceTree = BUILT_PRODUCTS_DIR; };
		FB9E54642AA157EA00FB7644 /* CaritasMtyApp.swift */ = {isa = PBXFileReference; lastKnownFileType = sourcecode.swift; path = CaritasMtyApp.swift; sourceTree = "<group>"; };
		FB9E54662AA157EA00FB7644 /* ContentView.swift */ = {isa = PBXFileReference; lastKnownFileType = sourcecode.swift; path = ContentView.swift; sourceTree = "<group>"; };
		FB9E54682AA157EA00FB7644 /* Assets.xcassets */ = {isa = PBXFileReference; lastKnownFileType = folder.assetcatalog; path = Assets.xcassets; sourceTree = "<group>"; };
		FB9E546B2AA157EA00FB7644 /* Preview Assets.xcassets */ = {isa = PBXFileReference; lastKnownFileType = folder.assetcatalog; path = "Preview Assets.xcassets"; sourceTree = "<group>"; };
		FB9EF7FA2AA69B1700E1849F /* HomeView.swift */ = {isa = PBXFileReference; lastKnownFileType = sourcecode.swift; path = HomeView.swift; sourceTree = "<group>"; };
		FB9F5BEB2ADE141C0016FA34 /* MiniMapView.swift */ = {isa = PBXFileReference; fileEncoding = 4; lastKnownFileType = sourcecode.swift; path = MiniMapView.swift; sourceTree = "<group>"; };
		FB9F5BED2ADE14460016FA34 /* GetLocation.swift */ = {isa = PBXFileReference; fileEncoding = 4; lastKnownFileType = sourcecode.swift; path = GetLocation.swift; sourceTree = "<group>"; };
		FB9F5BEF2ADE14580016FA34 /* Location.swift */ = {isa = PBXFileReference; fileEncoding = 4; lastKnownFileType = sourcecode.swift; path = Location.swift; sourceTree = "<group>"; };
		FBA032D52AA68ADE002B7D72 /* Data.swift */ = {isa = PBXFileReference; lastKnownFileType = sourcecode.swift; path = Data.swift; sourceTree = "<group>"; };
		FBAB56D92AD8C4D500C7D3B5 /* ChartPorMunicipio.swift */ = {isa = PBXFileReference; lastKnownFileType = sourcecode.swift; path = ChartPorMunicipio.swift; sourceTree = "<group>"; };
		FBB0DD402AA67281003DE6A8 /* User.swift */ = {isa = PBXFileReference; lastKnownFileType = sourcecode.swift; path = User.swift; sourceTree = "<group>"; };
		FBB0DD422AA67518003DE6A8 /* Login.swift */ = {isa = PBXFileReference; lastKnownFileType = sourcecode.swift; path = Login.swift; sourceTree = "<group>"; };
		FBB2ECA52ADE00B7005C6BDD /* AvarageTicketsChart.swift */ = {isa = PBXFileReference; lastKnownFileType = sourcecode.swift; path = AvarageTicketsChart.swift; sourceTree = "<group>"; };
		FBD80E082AC4E708001535A3 /* GetRecolectores.swift */ = {isa = PBXFileReference; lastKnownFileType = sourcecode.swift; path = GetRecolectores.swift; sourceTree = "<group>"; };
		FBD80E0A2AC4E822001535A3 /* Recolector.swift */ = {isa = PBXFileReference; lastKnownFileType = sourcecode.swift; path = Recolector.swift; sourceTree = "<group>"; };
		FBE0F86C2AD8C899001859CE /* MunicipioDonaciones.swift */ = {isa = PBXFileReference; lastKnownFileType = sourcecode.swift; path = MunicipioDonaciones.swift; sourceTree = "<group>"; };
		FBFD244B2AA8D29F00C81625 /* VistasDetailed.swift */ = {isa = PBXFileReference; lastKnownFileType = sourcecode.swift; path = VistasDetailed.swift; sourceTree = "<group>"; };
/* End PBXFileReference section */

/* Begin PBXFrameworksBuildPhase section */
		FB9E545E2AA157EA00FB7644 /* Frameworks */ = {
			isa = PBXFrameworksBuildPhase;
			buildActionMask = 2147483647;
			files = (
			);
			runOnlyForDeploymentPostprocessing = 0;
		};
/* End PBXFrameworksBuildPhase section */

/* Begin PBXGroup section */
		FB9E54582AA157EA00FB7644 = {
			isa = PBXGroup;
			children = (
				FBAE47C72ADE071D00A0E82B /* Charts */,
				FB5A52D82AC4D8AD0065ED04 /* GetTicket.swift */,
				FB9F5BED2ADE14460016FA34 /* GetLocation.swift */,
				FBD80E082AC4E708001535A3 /* GetRecolectores.swift */,
				FB2E705A2AC4CE9500C6C424 /* GlobalVariables.swift */,
				FB9E54632AA157EA00FB7644 /* CaritasMty */,
				FB9E54622AA157EA00FB7644 /* Products */,
			);
			sourceTree = "<group>";
		};
		FB9E54622AA157EA00FB7644 /* Products */ = {
			isa = PBXGroup;
			children = (
				FB9E54612AA157EA00FB7644 /* CaritasMty.app */,
			);
			name = Products;
			sourceTree = "<group>";
		};
		FB9E54632AA157EA00FB7644 /* CaritasMty */ = {
			isa = PBXGroup;
			children = (
				FB9E54642AA157EA00FB7644 /* CaritasMtyApp.swift */,
				FB9F5BEB2ADE141C0016FA34 /* MiniMapView.swift */,
				FB9E54662AA157EA00FB7644 /* ContentView.swift */,
				FBB0DD422AA67518003DE6A8 /* Login.swift */,
				FB02D7B92AA79552002956F4 /* BotonUni.swift */,
				FB9EF7FA2AA69B1700E1849F /* HomeView.swift */,
				FB2E70542AC4CD6000C6C424 /* VistaListaConjunto.swift */,
				FB2E70522AC4C76B00C6C424 /* ListaIndividual.swift */,
				FBA032D52AA68ADE002B7D72 /* Data.swift */,
				FBB0DD402AA67281003DE6A8 /* User.swift */,
				FBFD244B2AA8D29F00C81625 /* VistasDetailed.swift */,
				FB2E70562AC4CDED00C6C424 /* Ticket.swift */,
				FB9F5BEF2ADE14580016FA34 /* Location.swift */,
				FBD80E0A2AC4E822001535A3 /* Recolector.swift */,
				FB2E70582AC4CE0200C6C424 /* ModelData.swift */,
				FB9E54682AA157EA00FB7644 /* Assets.xcassets */,
				FB9E546A2AA157EA00FB7644 /* Preview Content */,
			);
			path = CaritasMty;
			sourceTree = "<group>";
		};
		FB9E546A2AA157EA00FB7644 /* Preview Content */ = {
			isa = PBXGroup;
			children = (
				FB9E546B2AA157EA00FB7644 /* Preview Assets.xcassets */,
			);
			path = "Preview Content";
			sourceTree = "<group>";
		};
		FBAE47C72ADE071D00A0E82B /* Charts */ = {
			isa = PBXGroup;
			children = (
				FBE0F86C2AD8C899001859CE /* MunicipioDonaciones.swift */,
				FB9648922ADE1A0D004852EF /* AverageTickets.swift */,
				FB9648942ADE1E02004852EF /* ExpectedDonations.swift */,
				FBB2ECA52ADE00B7005C6BDD /* AvarageTicketsChart.swift */,
				FBAB56D92AD8C4D500C7D3B5 /* ChartPorMunicipio.swift */,
				FB96A3042AD7608100742DC8 /* DashboardManagerView.swift */,
			);
			path = Charts;
			sourceTree = "<group>";
		};
/* End PBXGroup section */

/* Begin PBXNativeTarget section */
		FB9E54602AA157EA00FB7644 /* CaritasMty */ = {
			isa = PBXNativeTarget;
			buildConfigurationList = FB9E546F2AA157EA00FB7644 /* Build configuration list for PBXNativeTarget "CaritasMty" */;
			buildPhases = (
				FB9E545D2AA157EA00FB7644 /* Sources */,
				FB9E545E2AA157EA00FB7644 /* Frameworks */,
				FB9E545F2AA157EA00FB7644 /* Resources */,
			);
			buildRules = (
			);
			dependencies = (
			);
			name = CaritasMty;
			productName = CaritasMty;
			productReference = FB9E54612AA157EA00FB7644 /* CaritasMty.app */;
			productType = "com.apple.product-type.application";
		};
/* End PBXNativeTarget section */

/* Begin PBXProject section */
		FB9E54592AA157EA00FB7644 /* Project object */ = {
			isa = PBXProject;
			attributes = {
				BuildIndependentTargetsInParallel = 1;
				LastSwiftUpdateCheck = 1430;
				LastUpgradeCheck = 1430;
				TargetAttributes = {
					FB9E54602AA157EA00FB7644 = {
						CreatedOnToolsVersion = 14.3.1;
					};
				};
			};
			buildConfigurationList = FB9E545C2AA157EA00FB7644 /* Build configuration list for PBXProject "CaritasMty" */;
			compatibilityVersion = "Xcode 14.0";
			developmentRegion = en;
			hasScannedForEncodings = 0;
			knownRegions = (
				en,
				Base,
			);
			mainGroup = FB9E54582AA157EA00FB7644;
			productRefGroup = FB9E54622AA157EA00FB7644 /* Products */;
			projectDirPath = "";
			projectRoot = "";
			targets = (
				FB9E54602AA157EA00FB7644 /* CaritasMty */,
			);
		};
/* End PBXProject section */

/* Begin PBXResourcesBuildPhase section */
		FB9E545F2AA157EA00FB7644 /* Resources */ = {
			isa = PBXResourcesBuildPhase;
			buildActionMask = 2147483647;
			files = (
				FB9E546C2AA157EA00FB7644 /* Preview Assets.xcassets in Resources */,
				FB9E54692AA157EA00FB7644 /* Assets.xcassets in Resources */,
			);
			runOnlyForDeploymentPostprocessing = 0;
		};
/* End PBXResourcesBuildPhase section */

/* Begin PBXSourcesBuildPhase section */
		FB9E545D2AA157EA00FB7644 /* Sources */ = {
			isa = PBXSourcesBuildPhase;
			buildActionMask = 2147483647;
			files = (
				FB9F5BEC2ADE141C0016FA34 /* MiniMapView.swift in Sources */,
				FB2E70572AC4CDED00C6C424 /* Ticket.swift in Sources */,
				FB9F5BF02ADE14580016FA34 /* Location.swift in Sources */,
				FB9E54672AA157EA00FB7644 /* ContentView.swift in Sources */,
				FB02D7BA2AA79552002956F4 /* BotonUni.swift in Sources */,
				FBA032D62AA68ADE002B7D72 /* Data.swift in Sources */,
				FB2E705B2AC4CE9500C6C424 /* GlobalVariables.swift in Sources */,
				FB9E54652AA157EA00FB7644 /* CaritasMtyApp.swift in Sources */,
				FB2E70592AC4CE0200C6C424 /* ModelData.swift in Sources */,
				FB9648932ADE1A0D004852EF /* AverageTickets.swift in Sources */,
				FBB2ECA62ADE00B7005C6BDD /* AvarageTicketsChart.swift in Sources */,
				FB96A3052AD7608100742DC8 /* DashboardManagerView.swift in Sources */,
				FB9EF7FB2AA69B1700E1849F /* HomeView.swift in Sources */,
				FBE0F86D2AD8C899001859CE /* MunicipioDonaciones.swift in Sources */,
				FB2E70532AC4C76B00C6C424 /* ListaIndividual.swift in Sources */,
				FBFD244C2AA8D29F00C81625 /* VistasDetailed.swift in Sources */,
				FBB0DD432AA67518003DE6A8 /* Login.swift in Sources */,
				FBD80E092AC4E708001535A3 /* GetRecolectores.swift in Sources */,
				FB9648952ADE1E02004852EF /* ExpectedDonations.swift in Sources */,
				FB9F5BEE2ADE14460016FA34 /* GetLocation.swift in Sources */,
				FBB0DD412AA67281003DE6A8 /* User.swift in Sources */,
				FBAB56DA2AD8C4D500C7D3B5 /* ChartPorMunicipio.swift in Sources */,
				FBD80E0B2AC4E822001535A3 /* Recolector.swift in Sources */,
				FB5A52D92AC4D8AD0065ED04 /* GetTicket.swift in Sources */,
				FB2E70552AC4CD6000C6C424 /* VistaListaConjunto.swift in Sources */,
			);
			runOnlyForDeploymentPostprocessing = 0;
		};
/* End PBXSourcesBuildPhase section */

/* Begin XCBuildConfiguration section */
		FB9E546D2AA157EA00FB7644 /* Debug */ = {
			isa = XCBuildConfiguration;
			buildSettings = {
				ALWAYS_SEARCH_USER_PATHS = NO;
				CLANG_ANALYZER_NONNULL = YES;
				CLANG_ANALYZER_NUMBER_OBJECT_CONVERSION = YES_AGGRESSIVE;
				CLANG_CXX_LANGUAGE_STANDARD = "gnu++20";
				CLANG_ENABLE_MODULES = YES;
				CLANG_ENABLE_OBJC_ARC = YES;
				CLANG_ENABLE_OBJC_WEAK = YES;
				CLANG_WARN_BLOCK_CAPTURE_AUTORELEASING = YES;
				CLANG_WARN_BOOL_CONVERSION = YES;
				CLANG_WARN_COMMA = YES;
				CLANG_WARN_CONSTANT_CONVERSION = YES;
				CLANG_WARN_DEPRECATED_OBJC_IMPLEMENTATIONS = YES;
				CLANG_WARN_DIRECT_OBJC_ISA_USAGE = YES_ERROR;
				CLANG_WARN_DOCUMENTATION_COMMENTS = YES;
				CLANG_WARN_EMPTY_BODY = YES;
				CLANG_WARN_ENUM_CONVERSION = YES;
				CLANG_WARN_INFINITE_RECURSION = YES;
				CLANG_WARN_INT_CONVERSION = YES;
				CLANG_WARN_NON_LITERAL_NULL_CONVERSION = YES;
				CLANG_WARN_OBJC_IMPLICIT_RETAIN_SELF = YES;
				CLANG_WARN_OBJC_LITERAL_CONVERSION = YES;
				CLANG_WARN_OBJC_ROOT_CLASS = YES_ERROR;
				CLANG_WARN_QUOTED_INCLUDE_IN_FRAMEWORK_HEADER = YES;
				CLANG_WARN_RANGE_LOOP_ANALYSIS = YES;
				CLANG_WARN_STRICT_PROTOTYPES = YES;
				CLANG_WARN_SUSPICIOUS_MOVE = YES;
				CLANG_WARN_UNGUARDED_AVAILABILITY = YES_AGGRESSIVE;
				CLANG_WARN_UNREACHABLE_CODE = YES;
				CLANG_WARN__DUPLICATE_METHOD_MATCH = YES;
				COPY_PHASE_STRIP = NO;
				DEBUG_INFORMATION_FORMAT = dwarf;
				ENABLE_STRICT_OBJC_MSGSEND = YES;
				ENABLE_TESTABILITY = YES;
				GCC_C_LANGUAGE_STANDARD = gnu11;
				GCC_DYNAMIC_NO_PIC = NO;
				GCC_NO_COMMON_BLOCKS = YES;
				GCC_OPTIMIZATION_LEVEL = 0;
				GCC_PREPROCESSOR_DEFINITIONS = (
					"DEBUG=1",
					"$(inherited)",
				);
				GCC_WARN_64_TO_32_BIT_CONVERSION = YES;
				GCC_WARN_ABOUT_RETURN_TYPE = YES_ERROR;
				GCC_WARN_UNDECLARED_SELECTOR = YES;
				GCC_WARN_UNINITIALIZED_AUTOS = YES_AGGRESSIVE;
				GCC_WARN_UNUSED_FUNCTION = YES;
				GCC_WARN_UNUSED_VARIABLE = YES;
				IPHONEOS_DEPLOYMENT_TARGET = 16.4;
				MTL_ENABLE_DEBUG_INFO = INCLUDE_SOURCE;
				MTL_FAST_MATH = YES;
				ONLY_ACTIVE_ARCH = YES;
				SDKROOT = iphoneos;
				SWIFT_ACTIVE_COMPILATION_CONDITIONS = DEBUG;
				SWIFT_OPTIMIZATION_LEVEL = "-Onone";
			};
			name = Debug;
		};
		FB9E546E2AA157EA00FB7644 /* Release */ = {
			isa = XCBuildConfiguration;
			buildSettings = {
				ALWAYS_SEARCH_USER_PATHS = NO;
				CLANG_ANALYZER_NONNULL = YES;
				CLANG_ANALYZER_NUMBER_OBJECT_CONVERSION = YES_AGGRESSIVE;
				CLANG_CXX_LANGUAGE_STANDARD = "gnu++20";
				CLANG_ENABLE_MODULES = YES;
				CLANG_ENABLE_OBJC_ARC = YES;
				CLANG_ENABLE_OBJC_WEAK = YES;
				CLANG_WARN_BLOCK_CAPTURE_AUTORELEASING = YES;
				CLANG_WARN_BOOL_CONVERSION = YES;
				CLANG_WARN_COMMA = YES;
				CLANG_WARN_CONSTANT_CONVERSION = YES;
				CLANG_WARN_DEPRECATED_OBJC_IMPLEMENTATIONS = YES;
				CLANG_WARN_DIRECT_OBJC_ISA_USAGE = YES_ERROR;
				CLANG_WARN_DOCUMENTATION_COMMENTS = YES;
				CLANG_WARN_EMPTY_BODY = YES;
				CLANG_WARN_ENUM_CONVERSION = YES;
				CLANG_WARN_INFINITE_RECURSION = YES;
				CLANG_WARN_INT_CONVERSION = YES;
				CLANG_WARN_NON_LITERAL_NULL_CONVERSION = YES;
				CLANG_WARN_OBJC_IMPLICIT_RETAIN_SELF = YES;
				CLANG_WARN_OBJC_LITERAL_CONVERSION = YES;
				CLANG_WARN_OBJC_ROOT_CLASS = YES_ERROR;
				CLANG_WARN_QUOTED_INCLUDE_IN_FRAMEWORK_HEADER = YES;
				CLANG_WARN_RANGE_LOOP_ANALYSIS = YES;
				CLANG_WARN_STRICT_PROTOTYPES = YES;
				CLANG_WARN_SUSPICIOUS_MOVE = YES;
				CLANG_WARN_UNGUARDED_AVAILABILITY = YES_AGGRESSIVE;
				CLANG_WARN_UNREACHABLE_CODE = YES;
				CLANG_WARN__DUPLICATE_METHOD_MATCH = YES;
				COPY_PHASE_STRIP = NO;
				DEBUG_INFORMATION_FORMAT = "dwarf-with-dsym";
				ENABLE_NS_ASSERTIONS = NO;
				ENABLE_STRICT_OBJC_MSGSEND = YES;
				GCC_C_LANGUAGE_STANDARD = gnu11;
				GCC_NO_COMMON_BLOCKS = YES;
				GCC_WARN_64_TO_32_BIT_CONVERSION = YES;
				GCC_WARN_ABOUT_RETURN_TYPE = YES_ERROR;
				GCC_WARN_UNDECLARED_SELECTOR = YES;
				GCC_WARN_UNINITIALIZED_AUTOS = YES_AGGRESSIVE;
				GCC_WARN_UNUSED_FUNCTION = YES;
				GCC_WARN_UNUSED_VARIABLE = YES;
				IPHONEOS_DEPLOYMENT_TARGET = 16.4;
				MTL_ENABLE_DEBUG_INFO = NO;
				MTL_FAST_MATH = YES;
				SDKROOT = iphoneos;
				SWIFT_COMPILATION_MODE = wholemodule;
				SWIFT_OPTIMIZATION_LEVEL = "-O";
				VALIDATE_PRODUCT = YES;
			};
			name = Release;
		};
		FB9E54702AA157EA00FB7644 /* Debug */ = {
			isa = XCBuildConfiguration;
			buildSettings = {
				ASSETCATALOG_COMPILER_APPICON_NAME = AppIcon;
				ASSETCATALOG_COMPILER_GLOBAL_ACCENT_COLOR_NAME = AccentColor;
				CODE_SIGN_STYLE = Automatic;
				CURRENT_PROJECT_VERSION = 1;
				DEVELOPMENT_ASSET_PATHS = "\"CaritasMty/Preview Content\"";
				ENABLE_PREVIEWS = YES;
				GENERATE_INFOPLIST_FILE = YES;
				INFOPLIST_KEY_UIApplicationSceneManifest_Generation = YES;
				INFOPLIST_KEY_UIApplicationSupportsIndirectInputEvents = YES;
				INFOPLIST_KEY_UILaunchScreen_Generation = YES;
				INFOPLIST_KEY_UISupportedInterfaceOrientations_iPad = "UIInterfaceOrientationPortrait UIInterfaceOrientationPortraitUpsideDown UIInterfaceOrientationLandscapeLeft UIInterfaceOrientationLandscapeRight";
				INFOPLIST_KEY_UISupportedInterfaceOrientations_iPhone = "UIInterfaceOrientationPortrait UIInterfaceOrientationLandscapeLeft UIInterfaceOrientationLandscapeRight";
				LD_RUNPATH_SEARCH_PATHS = (
					"$(inherited)",
					"@executable_path/Frameworks",
				);
				MARKETING_VERSION = 1.0;
				PRODUCT_BUNDLE_IDENTIFIER = A00833278.CaritasMty;
				PRODUCT_NAME = "$(TARGET_NAME)";
				SWIFT_EMIT_LOC_STRINGS = YES;
				SWIFT_VERSION = 5.0;
				TARGETED_DEVICE_FAMILY = "1,2";
			};
			name = Debug;
		};
		FB9E54712AA157EA00FB7644 /* Release */ = {
			isa = XCBuildConfiguration;
			buildSettings = {
				ASSETCATALOG_COMPILER_APPICON_NAME = AppIcon;
				ASSETCATALOG_COMPILER_GLOBAL_ACCENT_COLOR_NAME = AccentColor;
				CODE_SIGN_STYLE = Automatic;
				CURRENT_PROJECT_VERSION = 1;
				DEVELOPMENT_ASSET_PATHS = "\"CaritasMty/Preview Content\"";
				ENABLE_PREVIEWS = YES;
				GENERATE_INFOPLIST_FILE = YES;
				INFOPLIST_KEY_UIApplicationSceneManifest_Generation = YES;
				INFOPLIST_KEY_UIApplicationSupportsIndirectInputEvents = YES;
				INFOPLIST_KEY_UILaunchScreen_Generation = YES;
				INFOPLIST_KEY_UISupportedInterfaceOrientations_iPad = "UIInterfaceOrientationPortrait UIInterfaceOrientationPortraitUpsideDown UIInterfaceOrientationLandscapeLeft UIInterfaceOrientationLandscapeRight";
				INFOPLIST_KEY_UISupportedInterfaceOrientations_iPhone = "UIInterfaceOrientationPortrait UIInterfaceOrientationLandscapeLeft UIInterfaceOrientationLandscapeRight";
				LD_RUNPATH_SEARCH_PATHS = (
					"$(inherited)",
					"@executable_path/Frameworks",
				);
				MARKETING_VERSION = 1.0;
				PRODUCT_BUNDLE_IDENTIFIER = A00833278.CaritasMty;
				PRODUCT_NAME = "$(TARGET_NAME)";
				SWIFT_EMIT_LOC_STRINGS = YES;
				SWIFT_VERSION = 5.0;
				TARGETED_DEVICE_FAMILY = "1,2";
			};
			name = Release;
		};
/* End XCBuildConfiguration section */

/* Begin XCConfigurationList section */
		FB9E545C2AA157EA00FB7644 /* Build configuration list for PBXProject "CaritasMty" */ = {
			isa = XCConfigurationList;
			buildConfigurations = (
				FB9E546D2AA157EA00FB7644 /* Debug */,
				FB9E546E2AA157EA00FB7644 /* Release */,
			);
			defaultConfigurationIsVisible = 0;
			defaultConfigurationName = Release;
		};
		FB9E546F2AA157EA00FB7644 /* Build configuration list for PBXNativeTarget "CaritasMty" */ = {
			isa = XCConfigurationList;
			buildConfigurations = (
				FB9E54702AA157EA00FB7644 /* Debug */,
				FB9E54712AA157EA00FB7644 /* Release */,
			);
			defaultConfigurationIsVisible = 0;
			defaultConfigurationName = Release;
		};
/* End XCConfigurationList section */
	};
	rootObject = FB9E54592AA157EA00FB7644 /* Project object */;
}
